// !$*UTF8*$!
{
	archiveVersion = 1;
	classes = {
	};
	objectVersion = 77;
	objects = {

/* Begin PBXContainerItemProxy section */
		156297F22E0FA80000442AE5 /* PBXContainerItemProxy */ = {
			isa = PBXContainerItemProxy;
			containerPortal = 156297DB2E0FA7FF00442AE5 /* Project object */;
			proxyType = 1;
			remoteGlobalIDString = 156297E22E0FA7FF00442AE5;
			remoteInfo = "Music Player Skin";
		};
		156297FC2E0FA80000442AE5 /* PBXContainerItemProxy */ = {
			isa = PBXContainerItemProxy;
			containerPortal = 156297DB2E0FA7FF00442AE5 /* Project object */;
			proxyType = 1;
			remoteGlobalIDString = 156297E22E0FA7FF00442AE5;
			remoteInfo = "Music Player Skin";
		};
/* End PBXContainerItemProxy section */

/* Begin PBXFileReference section */
		156297E32E0FA7FF00442AE5 /* Music Player Skin.app */ = {isa = PBXFileReference; explicitFileType = wrapper.application; includeInIndex = 0; path = "Music Player Skin.app"; sourceTree = BUILT_PRODUCTS_DIR; };
		156297F12E0FA80000442AE5 /* Music Player SkinTests.xctest */ = {isa = PBXFileReference; explicitFileType = wrapper.cfbundle; includeInIndex = 0; path = "Music Player SkinTests.xctest"; sourceTree = BUILT_PRODUCTS_DIR; };
		156297FB2E0FA80000442AE5 /* Music Player SkinUITests.xctest */ = {isa = PBXFileReference; explicitFileType = wrapper.cfbundle; includeInIndex = 0; path = "Music Player SkinUITests.xctest"; sourceTree = BUILT_PRODUCTS_DIR; };
/* End PBXFileReference section */

/* Begin PBXFileSystemSynchronizedRootGroup section */
		156297E52E0FA7FF00442AE5 /* Music Player Skin */ = {
			isa = PBXFileSystemSynchronizedRootGroup;
			path = "Music Player Skin";
			sourceTree = "<group>";
		};
		156297F42E0FA80000442AE5 /* Music Player SkinTests */ = {
			isa = PBXFileSystemSynchronizedRootGroup;
			path = "Music Player SkinTests";
			sourceTree = "<group>";
		};
		156297FE2E0FA80000442AE5 /* Music Player SkinUITests */ = {
			isa = PBXFileSystemSynchronizedRootGroup;
			path = "Music Player SkinUITests";
			sourceTree = "<group>";
		};
/* End PBXFileSystemSynchronizedRootGroup section */

/* Begin PBXFrameworksBuildPhase section */
		156297E02E0FA7FF00442AE5 /* Frameworks */ = {
			isa = PBXFrameworksBuildPhase;
			buildActionMask = 2147483647;
			files = (
			);
			runOnlyForDeploymentPostprocessing = 0;
		};
		156297EE2E0FA80000442AE5 /* Frameworks */ = {
			isa = PBXFrameworksBuildPhase;
			buildActionMask = 2147483647;
			files = (
			);
			runOnlyForDeploymentPostprocessing = 0;
		};
		156297F82E0FA80000442AE5 /* Frameworks */ = {
			isa = PBXFrameworksBuildPhase;
			buildActionMask = 2147483647;
			files = (
			);
			runOnlyForDeploymentPostprocessing = 0;
		};
/* End PBXFrameworksBuildPhase section */

/* Begin PBXGroup section */
		156297DA2E0FA7FF00442AE5 = {
			isa = PBXGroup;
			children = (
				156297E52E0FA7FF00442AE5 /* Music Player Skin */,
				156297F42E0FA80000442AE5 /* Music Player SkinTests */,
				156297FE2E0FA80000442AE5 /* Music Player SkinUITests */,
				156297E42E0FA7FF00442AE5 /* Products */,
			);
			sourceTree = "<group>";
		};
		156297E42E0FA7FF00442AE5 /* Products */ = {
			isa = PBXGroup;
			children = (
				156297E32E0FA7FF00442AE5 /* Music Player Skin.app */,
				156297F12E0FA80000442AE5 /* Music Player SkinTests.xctest */,
				156297FB2E0FA80000442AE5 /* Music Player SkinUITests.xctest */,
			);
			name = Products;
			sourceTree = "<group>";
		};
/* End PBXGroup section */

/* Begin PBXNativeTarget section */
		156297E22E0FA7FF00442AE5 /* Music Player Skin */ = {
			isa = PBXNativeTarget;
			buildConfigurationList = 156298052E0FA80000442AE5 /* Build configuration list for PBXNativeTarget "Music Player Skin" */;
			buildPhases = (
				156297DF2E0FA7FF00442AE5 /* Sources */,
				156297E02E0FA7FF00442AE5 /* Frameworks */,
				156297E12E0FA7FF00442AE5 /* Resources */,
			);
			buildRules = (
			);
			dependencies = (
			);
			fileSystemSynchronizedGroups = (
				156297E52E0FA7FF00442AE5 /* Music Player Skin */,
			);
			name = "Music Player Skin";
			packageProductDependencies = (
			);
			productName = "Music Player Skin";
			productReference = 156297E32E0FA7FF00442AE5 /* Music Player Skin.app */;
			productType = "com.apple.product-type.application";
		};
		156297F02E0FA80000442AE5 /* Music Player SkinTests */ = {
			isa = PBXNativeTarget;
			buildConfigurationList = 156298082E0FA80000442AE5 /* Build configuration list for PBXNativeTarget "Music Player SkinTests" */;
			buildPhases = (
				156297ED2E0FA80000442AE5 /* Sources */,
				156297EE2E0FA80000442AE5 /* Frameworks */,
				156297EF2E0FA80000442AE5 /* Resources */,
			);
			buildRules = (
			);
			dependencies = (
				156297F32E0FA80000442AE5 /* PBXTargetDependency */,
			);
			fileSystemSynchronizedGroups = (
				156297F42E0FA80000442AE5 /* Music Player SkinTests */,
			);
			name = "Music Player SkinTests";
			packageProductDependencies = (
			);
			productName = "Music Player SkinTests";
			productReference = 156297F12E0FA80000442AE5 /* Music Player SkinTests.xctest */;
			productType = "com.apple.product-type.bundle.unit-test";
		};
		156297FA2E0FA80000442AE5 /* Music Player SkinUITests */ = {
			isa = PBXNativeTarget;
			buildConfigurationList = 1562980B2E0FA80000442AE5 /* Build configuration list for PBXNativeTarget "Music Player SkinUITests" */;
			buildPhases = (
				156297F72E0FA80000442AE5 /* Sources */,
				156297F82E0FA80000442AE5 /* Frameworks */,
				156297F92E0FA80000442AE5 /* Resources */,
			);
			buildRules = (
			);
			dependencies = (
				156297FD2E0FA80000442AE5 /* PBXTargetDependency */,
			);
			fileSystemSynchronizedGroups = (
				156297FE2E0FA80000442AE5 /* Music Player SkinUITests */,
			);
			name = "Music Player SkinUITests";
			packageProductDependencies = (
			);
			productName = "Music Player SkinUITests";
			productReference = 156297FB2E0FA80000442AE5 /* Music Player SkinUITests.xctest */;
			productType = "com.apple.product-type.bundle.ui-testing";
		};
/* End PBXNativeTarget section */

/* Begin PBXProject section */
		156297DB2E0FA7FF00442AE5 /* Project object */ = {
			isa = PBXProject;
			attributes = {
				BuildIndependentTargetsInParallel = 1;
				KnownAssetTags = (
					New,
				);
				LastSwiftUpdateCheck = 1640;
				LastUpgradeCheck = 1640;
				TargetAttributes = {
					156297E22E0FA7FF00442AE5 = {
						CreatedOnToolsVersion = 16.4;
					};
					156297F02E0FA80000442AE5 = {
						CreatedOnToolsVersion = 16.4;
						TestTargetID = 156297E22E0FA7FF00442AE5;
					};
					156297FA2E0FA80000442AE5 = {
						CreatedOnToolsVersion = 16.4;
						TestTargetID = 156297E22E0FA7FF00442AE5;
					};
				};
			};
			buildConfigurationList = 156297DE2E0FA7FF00442AE5 /* Build configuration list for PBXProject "Music Player Skin" */;
			developmentRegion = en;
			hasScannedForEncodings = 0;
			knownRegions = (
				en,
				Base,
			);
			mainGroup = 156297DA2E0FA7FF00442AE5;
			minimizedProjectReferenceProxies = 1;
			preferredProjectObjectVersion = 77;
			productRefGroup = 156297E42E0FA7FF00442AE5 /* Products */;
			projectDirPath = "";
			projectRoot = "";
			targets = (
				156297E22E0FA7FF00442AE5 /* Music Player Skin */,
				156297F02E0FA80000442AE5 /* Music Player SkinTests */,
				156297FA2E0FA80000442AE5 /* Music Player SkinUITests */,
			);
		};
/* End PBXProject section */

/* Begin PBXResourcesBuildPhase section */
		156297E12E0FA7FF00442AE5 /* Resources */ = {
			isa = PBXResourcesBuildPhase;
			buildActionMask = 2147483647;
			files = (
			);
			runOnlyForDeploymentPostprocessing = 0;
		};
		156297EF2E0FA80000442AE5 /* Resources */ = {
			isa = PBXResourcesBuildPhase;
			buildActionMask = 2147483647;
			files = (
			);
			runOnlyForDeploymentPostprocessing = 0;
		};
		156297F92E0FA80000442AE5 /* Resources */ = {
			isa = PBXResourcesBuildPhase;
			buildActionMask = 2147483647;
			files = (
			);
			runOnlyForDeploymentPostprocessing = 0;
		};
/* End PBXResourcesBuildPhase section */

/* Begin PBXSourcesBuildPhase section */
		156297DF2E0FA7FF00442AE5 /* Sources */ = {
			isa = PBXSourcesBuildPhase;
			buildActionMask = 2147483647;
			files = (
			);
			runOnlyForDeploymentPostprocessing = 0;
		};
		156297ED2E0FA80000442AE5 /* Sources */ = {
			isa = PBXSourcesBuildPhase;
			buildActionMask = 2147483647;
			files = (
			);
			runOnlyForDeploymentPostprocessing = 0;
		};
		156297F72E0FA80000442AE5 /* Sources */ = {
			isa = PBXSourcesBuildPhase;
			buildActionMask = 2147483647;
			files = (
			);
			runOnlyForDeploymentPostprocessing = 0;
		};
/* End PBXSourcesBuildPhase section */

/* Begin PBXTargetDependency section */
		156297F32E0FA80000442AE5 /* PBXTargetDependency */ = {
			isa = PBXTargetDependency;
			target = 156297E22E0FA7FF00442AE5 /* Music Player Skin */;
			targetProxy = 156297F22E0FA80000442AE5 /* PBXContainerItemProxy */;
		};
		156297FD2E0FA80000442AE5 /* PBXTargetDependency */ = {
			isa = PBXTargetDependency;
			target = 156297E22E0FA7FF00442AE5 /* Music Player Skin */;
			targetProxy = 156297FC2E0FA80000442AE5 /* PBXContainerItemProxy */;
		};
/* End PBXTargetDependency section */

/* Begin XCBuildConfiguration section */
		156298032E0FA80000442AE5 /* Debug */ = {
			isa = XCBuildConfiguration;
			buildSettings = {
				ALWAYS_SEARCH_USER_PATHS = NO;
				ASSETCATALOG_COMPILER_GENERATE_SWIFT_ASSET_SYMBOL_EXTENSIONS = YES;
				CLANG_ANALYZER_NONNULL = YES;
				CLANG_ANALYZER_NUMBER_OBJECT_CONVERSION = YES_AGGRESSIVE;
				CLANG_CXX_LANGUAGE_STANDARD = "gnu++20";
				CLANG_ENABLE_MODULES = YES;
				CLANG_ENABLE_OBJC_ARC = YES;
				CLANG_ENABLE_OBJC_WEAK = YES;
				CLANG_WARN_BLOCK_CAPTURE_AUTORELEASING = YES;
				CLANG_WARN_BOOL_CONVERSION = YES;
				CLANG_WARN_COMMA = YES;
				CLANG_WARN_CONSTANT_CONVERSION = YES;
				CLANG_WARN_DEPRECATED_OBJC_IMPLEMENTATIONS = YES;
				CLANG_WARN_DIRECT_OBJC_ISA_USAGE = YES_ERROR;
				CLANG_WARN_DOCUMENTATION_COMMENTS = YES;
				CLANG_WARN_EMPTY_BODY = YES;
				CLANG_WARN_ENUM_CONVERSION = YES;
				CLANG_WARN_INFINITE_RECURSION = YES;
				CLANG_WARN_INT_CONVERSION = YES;
				CLANG_WARN_NON_LITERAL_NULL_CONVERSION = YES;
				CLANG_WARN_OBJC_IMPLICIT_RETAIN_SELF = YES;
				CLANG_WARN_OBJC_LITERAL_CONVERSION = YES;
				CLANG_WARN_OBJC_ROOT_CLASS = YES_ERROR;
				CLANG_WARN_QUOTED_INCLUDE_IN_FRAMEWORK_HEADER = YES;
				CLANG_WARN_RANGE_LOOP_ANALYSIS = YES;
				CLANG_WARN_STRICT_PROTOTYPES = YES;
				CLANG_WARN_SUSPICIOUS_MOVE = YES;
				CLANG_WARN_UNGUARDED_AVAILABILITY = YES_AGGRESSIVE;
				CLANG_WARN_UNREACHABLE_CODE = YES;
				CLANG_WARN__DUPLICATE_METHOD_MATCH = YES;
				COPY_PHASE_STRIP = NO;
				DEBUG_INFORMATION_FORMAT = dwarf;
				ENABLE_STRICT_OBJC_MSGSEND = YES;
				ENABLE_TESTABILITY = YES;
				ENABLE_USER_SCRIPT_SANDBOXING = YES;
				GCC_C_LANGUAGE_STANDARD = gnu17;
				GCC_DYNAMIC_NO_PIC = NO;
				GCC_NO_COMMON_BLOCKS = YES;
				GCC_OPTIMIZATION_LEVEL = 0;
				GCC_PREPROCESSOR_DEFINITIONS = (
					"DEBUG=1",
					"$(inherited)",
				);
				GCC_WARN_64_TO_32_BIT_CONVERSION = YES;
				GCC_WARN_ABOUT_RETURN_TYPE = YES_ERROR;
				GCC_WARN_UNDECLARED_SELECTOR = YES;
				GCC_WARN_UNINITIALIZED_AUTOS = YES_AGGRESSIVE;
				GCC_WARN_UNUSED_FUNCTION = YES;
				GCC_WARN_UNUSED_VARIABLE = YES;
				LOCALIZATION_PREFERS_STRING_CATALOGS = YES;
				MACOSX_DEPLOYMENT_TARGET = 15.5;
				MTL_ENABLE_DEBUG_INFO = INCLUDE_SOURCE;
				MTL_FAST_MATH = YES;
				ONLY_ACTIVE_ARCH = YES;
				SDKROOT = macosx;
				SWIFT_ACTIVE_COMPILATION_CONDITIONS = "DEBUG $(inherited)";
				SWIFT_OPTIMIZATION_LEVEL = "-Onone";
			};
			name = Debug;
		};
		156298042E0FA80000442AE5 /* Release */ = {
			isa = XCBuildConfiguration;
			buildSettings = {
				ALWAYS_SEARCH_USER_PATHS = NO;
				ASSETCATALOG_COMPILER_GENERATE_SWIFT_ASSET_SYMBOL_EXTENSIONS = YES;
				CLANG_ANALYZER_NONNULL = YES;
				CLANG_ANALYZER_NUMBER_OBJECT_CONVERSION = YES_AGGRESSIVE;
				CLANG_CXX_LANGUAGE_STANDARD = "gnu++20";
				CLANG_ENABLE_MODULES = YES;
				CLANG_ENABLE_OBJC_ARC = YES;
				CLANG_ENABLE_OBJC_WEAK = YES;
				CLANG_WARN_BLOCK_CAPTURE_AUTORELEASING = YES;
				CLANG_WARN_BOOL_CONVERSION = YES;
				CLANG_WARN_COMMA = YES;
				CLANG_WARN_CONSTANT_CONVERSION = YES;
				CLANG_WARN_DEPRECATED_OBJC_IMPLEMENTATIONS = YES;
				CLANG_WARN_DIRECT_OBJC_ISA_USAGE = YES_ERROR;
				CLANG_WARN_DOCUMENTATION_COMMENTS = YES;
				CLANG_WARN_EMPTY_BODY = YES;
				CLANG_WARN_ENUM_CONVERSION = YES;
				CLANG_WARN_INFINITE_RECURSION = YES;
				CLANG_WARN_INT_CONVERSION = YES;
				CLANG_WARN_NON_LITERAL_NULL_CONVERSION = YES;
				CLANG_WARN_OBJC_IMPLICIT_RETAIN_SELF = YES;
				CLANG_WARN_OBJC_LITERAL_CONVERSION = YES;
				CLANG_WARN_OBJC_ROOT_CLASS = YES_ERROR;
				CLANG_WARN_QUOTED_INCLUDE_IN_FRAMEWORK_HEADER = YES;
				CLANG_WARN_RANGE_LOOP_ANALYSIS = YES;
				CLANG_WARN_STRICT_PROTOTYPES = YES;
				CLANG_WARN_SUSPICIOUS_MOVE = YES;
				CLANG_WARN_UNGUARDED_AVAILABILITY = YES_AGGRESSIVE;
				CLANG_WARN_UNREACHABLE_CODE = YES;
				CLANG_WARN__DUPLICATE_METHOD_MATCH = YES;
				COPY_PHASE_STRIP = NO;
				DEBUG_INFORMATION_FORMAT = "dwarf-with-dsym";
				ENABLE_NS_ASSERTIONS = NO;
				ENABLE_STRICT_OBJC_MSGSEND = YES;
				ENABLE_USER_SCRIPT_SANDBOXING = YES;
				GCC_C_LANGUAGE_STANDARD = gnu17;
				GCC_NO_COMMON_BLOCKS = YES;
				GCC_WARN_64_TO_32_BIT_CONVERSION = YES;
				GCC_WARN_ABOUT_RETURN_TYPE = YES_ERROR;
				GCC_WARN_UNDECLARED_SELECTOR = YES;
				GCC_WARN_UNINITIALIZED_AUTOS = YES_AGGRESSIVE;
				GCC_WARN_UNUSED_FUNCTION = YES;
				GCC_WARN_UNUSED_VARIABLE = YES;
				LOCALIZATION_PREFERS_STRING_CATALOGS = YES;
				MACOSX_DEPLOYMENT_TARGET = 15.5;
				MTL_ENABLE_DEBUG_INFO = NO;
				MTL_FAST_MATH = YES;
				SDKROOT = macosx;
				SWIFT_COMPILATION_MODE = wholemodule;
			};
			name = Release;
		};
		156298062E0FA80000442AE5 /* Debug */ = {
			isa = XCBuildConfiguration;
			buildSettings = {
				ASSETCATALOG_COMPILER_APPICON_NAME = AppIcon;
				ASSETCATALOG_COMPILER_GLOBAL_ACCENT_COLOR_NAME = AccentColor;
				ASSETCATALOG_COMPILER_INCLUDE_ALL_APPICON_ASSETS = NO;
				CODE_SIGN_ENTITLEMENTS = "Music Player Skin/Music_Player_Skin.entitlements";
				CODE_SIGN_STYLE = Automatic;
				COMBINE_HIDPI_IMAGES = YES;
				CURRENT_PROJECT_VERSION = 1;
				ENABLE_PREVIEWS = YES;
				GENERATE_INFOPLIST_FILE = YES;
				INFOPLIST_KEY_CFBundleDisplayName = "Music Player Skin";
				INFOPLIST_KEY_LSApplicationCategoryType = "public.app-category.music";
				INFOPLIST_KEY_NSHumanReadableCopyright = "";
				LD_RUNPATH_SEARCH_PATHS = (
					"$(inherited)",
					"@executable_path/../Frameworks",
				);
				MARKETING_VERSION = 1.0;
				PRODUCT_BUNDLE_IDENTIFIER = "macOS-Solutions.Music-Player-Skin";
				PRODUCT_NAME = "$(TARGET_NAME)";
				REGISTER_APP_GROUPS = YES;
				SWIFT_EMIT_LOC_STRINGS = YES;
				SWIFT_VERSION = 5.0;
			};
			name = Debug;
		};
		156298072E0FA80000442AE5 /* Release */ = {
			isa = XCBuildConfiguration;
			buildSettings = {
				ASSETCATALOG_COMPILER_APPICON_NAME = AppIcon;
				ASSETCATALOG_COMPILER_GLOBAL_ACCENT_COLOR_NAME = AccentColor;
				ASSETCATALOG_COMPILER_INCLUDE_ALL_APPICON_ASSETS = NO;
				CODE_SIGN_ENTITLEMENTS = "Music Player Skin/Music_Player_Skin.entitlements";
				CODE_SIGN_STYLE = Automatic;
				COMBINE_HIDPI_IMAGES = YES;
				CURRENT_PROJECT_VERSION = 1;
				ENABLE_PREVIEWS = YES;
				GENERATE_INFOPLIST_FILE = YES;
				INFOPLIST_KEY_CFBundleDisplayName = "Music Player Skin";
				INFOPLIST_KEY_LSApplicationCategoryType = "public.app-category.music";
				INFOPLIST_KEY_NSHumanReadableCopyright = "";
				LD_RUNPATH_SEARCH_PATHS = (
					"$(inherited)",
					"@executable_path/../Frameworks",
				);
				MARKETING_VERSION = 1.0;
				PRODUCT_BUNDLE_IDENTIFIER = "macOS-Solutions.Music-Player-Skin";
				PRODUCT_NAME = "$(TARGET_NAME)";
				REGISTER_APP_GROUPS = YES;
				SWIFT_EMIT_LOC_STRINGS = YES;
				SWIFT_VERSION = 5.0;
			};
			name = Release;
		};
		156298092E0FA80000442AE5 /* Debug */ = {
			isa = XCBuildConfiguration;
			buildSettings = {
				BUNDLE_LOADER = "$(TEST_HOST)";
				CODE_SIGN_STYLE = Automatic;
				CURRENT_PROJECT_VERSION = 1;
				GENERATE_INFOPLIST_FILE = YES;
				MACOSX_DEPLOYMENT_TARGET = 15.5;
				MARKETING_VERSION = 1.0;
				PRODUCT_BUNDLE_IDENTIFIER = "macOS-Solutions.Music-Player-SkinTests";
				PRODUCT_NAME = "$(TARGET_NAME)";
				SWIFT_EMIT_LOC_STRINGS = NO;
				SWIFT_VERSION = 5.0;
				TEST_HOST = "$(BUILT_PRODUCTS_DIR)/Music Player Skin.app/$(BUNDLE_EXECUTABLE_FOLDER_PATH)/Music Player Skin";
			};
			name = Debug;
		};
		1562980A2E0FA80000442AE5 /* Release */ = {
			isa = XCBuildConfiguration;
			buildSettings = {
				BUNDLE_LOADER = "$(TEST_HOST)";
				CODE_SIGN_STYLE = Automatic;
				CURRENT_PROJECT_VERSION = 1;
				GENERATE_INFOPLIST_FILE = YES;
				MACOSX_DEPLOYMENT_TARGET = 15.5;
				MARKETING_VERSION = 1.0;
				PRODUCT_BUNDLE_IDENTIFIER = "macOS-Solutions.Music-Player-SkinTests";
				PRODUCT_NAME = "$(TARGET_NAME)";
				SWIFT_EMIT_LOC_STRINGS = NO;
				SWIFT_VERSION = 5.0;
				TEST_HOST = "$(BUILT_PRODUCTS_DIR)/Music Player Skin.app/$(BUNDLE_EXECUTABLE_FOLDER_PATH)/Music Player Skin";
			};
			name = Release;
		};
		1562980C2E0FA80000442AE5 /* Debug */ = {
			isa = XCBuildConfiguration;
			buildSettings = {
				CODE_SIGN_STYLE = Automatic;
				CURRENT_PROJECT_VERSION = 1;
				GENERATE_INFOPLIST_FILE = YES;
				MARKETING_VERSION = 1.0;
				PRODUCT_BUNDLE_IDENTIFIER = "macOS-Solutions.Music-Player-SkinUITests";
				PRODUCT_NAME = "$(TARGET_NAME)";
				SWIFT_EMIT_LOC_STRINGS = NO;
				SWIFT_VERSION = 5.0;
				TEST_TARGET_NAME = "Music Player Skin";
			};
			name = Debug;
		};
		1562980D2E0FA80000442AE5 /* Release */ = {
			isa = XCBuildConfiguration;
			buildSettings = {
				CODE_SIGN_STYLE = Automatic;
				CURRENT_PROJECT_VERSION = 1;
				GENERATE_INFOPLIST_FILE = YES;
				MARKETING_VERSION = 1.0;
				PRODUCT_BUNDLE_IDENTIFIER = "macOS-Solutions.Music-Player-SkinUITests";
				PRODUCT_NAME = "$(TARGET_NAME)";
				SWIFT_EMIT_LOC_STRINGS = NO;
				SWIFT_VERSION = 5.0;
				TEST_TARGET_NAME = "Music Player Skin";
			};
			name = Release;
		};
/* End XCBuildConfiguration section */

/* Begin XCConfigurationList section */
		156297DE2E0FA7FF00442AE5 /* Build configuration list for PBXProject "Music Player Skin" */ = {
			isa = XCConfigurationList;
			buildConfigurations = (
				156298032E0FA80000442AE5 /* Debug */,
				156298042E0FA80000442AE5 /* Release */,
			);
			defaultConfigurationIsVisible = 0;
			defaultConfigurationName = Release;
		};
		156298052E0FA80000442AE5 /* Build configuration list for PBXNativeTarget "Music Player Skin" */ = {
			isa = XCConfigurationList;
			buildConfigurations = (
				156298062E0FA80000442AE5 /* Debug */,
				156298072E0FA80000442AE5 /* Release */,
			);
			defaultConfigurationIsVisible = 0;
			defaultConfigurationName = Release;
		};
		156298082E0FA80000442AE5 /* Build configuration list for PBXNativeTarget "Music Player SkinTests" */ = {
			isa = XCConfigurationList;
			buildConfigurations = (
				156298092E0FA80000442AE5 /* Debug */,
				1562980A2E0FA80000442AE5 /* Release */,
			);
			defaultConfigurationIsVisible = 0;
			defaultConfigurationName = Release;
		};
		1562980B2E0FA80000442AE5 /* Build configuration list for PBXNativeTarget "Music Player SkinUITests" */ = {
			isa = XCConfigurationList;
			buildConfigurations = (
				1562980C2E0FA80000442AE5 /* Debug */,
				1562980D2E0FA80000442AE5 /* Release */,
			);
			defaultConfigurationIsVisible = 0;
			defaultConfigurationName = Release;
		};
/* End XCConfigurationList section */
	};
	rootObject = 156297DB2E0FA7FF00442AE5 /* Project object */;
}
